
Microsoft Visual Studio Solution File, Format Version 12.00
# Visual Studio Version 16
VisualStudioVersion = 16.0.30907.101
MinimumVisualStudioVersion = 10.0.40219.1
Project("{9A19103F-16F7-4668-BE54-9A1E7A4F7556}") = "Entities", "Entities\Entities.csproj", "{2C538C92-2537-47B1-BA1C-C225406B43EF}"
EndProject
Project("{9A19103F-16F7-4668-BE54-9A1E7A4F7556}") = "DataAccess", "DataAccess\DataAccess.csproj", "{D03C1793-A20A-4129-A677-3813152DB420}"
EndProject
Project("{9A19103F-16F7-4668-BE54-9A1E7A4F7556}") = "Business", "Business\Business.csproj", "{8064F849-57AD-473C-B34E-B2AE6724FB27}"
EndProject
Project("{9A19103F-16F7-4668-BE54-9A1E7A4F7556}") = "ConsoleUI", "ConsoleUI\ConsoleUI.csproj", "{4FDDEBEE-530E-4198-9ABB-F02AFDA687AE}"
EndProject
Project("{FAE04EC0-301F-11D3-BF4B-00C04F79EFBC}") = "Core", "Core\Core.csproj", "{EB3FED41-738E-4F79-B08E-E99C7F1670A9}"
EndProject
Global
	GlobalSection(SolutionConfigurationPlatforms) = preSolution
		Debug|Any CPU = Debug|Any CPU
		Release|Any CPU = Release|Any CPU
	EndGlobalSection
	GlobalSection(ProjectConfigurationPlatforms) = postSolution
		{2C538C92-2537-47B1-BA1C-C225406B43EF}.Debug|Any CPU.ActiveCfg = Debug|Any CPU
		{2C538C92-2537-47B1-BA1C-C225406B43EF}.Debug|Any CPU.Build.0 = Debug|Any CPU
		{2C538C92-2537-47B1-BA1C-C225406B43EF}.Release|Any CPU.ActiveCfg = Release|Any CPU
		{2C538C92-2537-47B1-BA1C-C225406B43EF}.Release|Any CPU.Build.0 = Release|Any CPU
		{D03C1793-A20A-4129-A677-3813152DB420}.Debug|Any CPU.ActiveCfg = Debug|Any CPU
		{D03C1793-A20A-4129-A677-3813152DB420}.Debug|Any CPU.Build.0 = Debug|Any CPU
		{D03C1793-A20A-4129-A677-3813152DB420}.Release|Any CPU.ActiveCfg = Release|Any CPU
		{D03C1793-A20A-4129-A677-3813152DB420}.Release|Any CPU.Build.0 = Release|Any CPU
		{8064F849-57AD-473C-B34E-B2AE6724FB27}.Debug|Any CPU.ActiveCfg = Debug|Any CPU
		{8064F849-57AD-473C-B34E-B2AE6724FB27}.Debug|Any CPU.Build.0 = Debug|Any CPU
		{8064F849-57AD-473C-B34E-B2AE6724FB27}.Release|Any CPU.ActiveCfg = Release|Any CPU
		{8064F849-57AD-473C-B34E-B2AE6724FB27}.Release|Any CPU.Build.0 = Release|Any CPU
		{4FDDEBEE-530E-4198-9ABB-F02AFDA687AE}.Debug|Any CPU.ActiveCfg = Debug|Any CPU
		{4FDDEBEE-530E-4198-9ABB-F02AFDA687AE}.Debug|Any CPU.Build.0 = Debug|Any CPU
		{4FDDEBEE-530E-4198-9ABB-F02AFDA687AE}.Release|Any CPU.ActiveCfg = Release|Any CPU
		{4FDDEBEE-530E-4198-9ABB-F02AFDA687AE}.Release|Any CPU.Build.0 = Release|Any CPU
		{EB3FED41-738E-4F79-B08E-E99C7F1670A9}.Debug|Any CPU.ActiveCfg = Debug|Any CPU
		{EB3FED41-738E-4F79-B08E-E99C7F1670A9}.Debug|Any CPU.Build.0 = Debug|Any CPU
		{EB3FED41-738E-4F79-B08E-E99C7F1670A9}.Release|Any CPU.ActiveCfg = Release|Any CPU
		{EB3FED41-738E-4F79-B08E-E99C7F1670A9}.Release|Any CPU.Build.0 = Release|Any CPU
	EndGlobalSection
	GlobalSection(SolutionProperties) = preSolution
		HideSolutionNode = FALSE
	EndGlobalSection
	GlobalSection(ExtensibilityGlobals) = postSolution
		SolutionGuid = {D30A6746-E553-4677-9FEA-91B91FBE110E}
	EndGlobalSection
EndGlobal
